
Microsoft Visual Studio Solution File, Format Version 12.00
# Visual Studio Version 17
VisualStudioVersion = 17.3.32825.248
MinimumVisualStudioVersion = 10.0.40219.1
Project("{FAE04EC0-301F-11D3-BF4B-00C04F79EFBC}") = "Proj3TryItPage", "Proj3TryItPage.csproj", "{67DC9CA9-C7B9-4753-ACB2-1CF92D991FA4}"
EndProject
Project("{E24C65DC-7377-472B-9ABA-BC803B73C61A}") = "ESoto_Proj3Service", "..\ESoto_Proj3Service\", "{CDC400F4-C1E1-462E-B859-3CBD7BC923A1}"
	ProjectSection(WebsiteProperties) = preProject
		TargetFrameworkMoniker = ".NETFramework,Version%3Dv4.7.2"
		Debug.AspNetCompiler.VirtualPath = "/localhost_61847"
		Debug.AspNetCompiler.PhysicalPath = "..\ESoto_Proj3Service\"
		Debug.AspNetCompiler.TargetPath = "PrecompiledWeb\localhost_61847\"
		Debug.AspNetCompiler.Updateable = "true"
		Debug.AspNetCompiler.ForceOverwrite = "true"
		Debug.AspNetCompiler.FixedNames = "false"
		Debug.AspNetCompiler.Debug = "True"
		Release.AspNetCompiler.VirtualPath = "/localhost_61847"
		Release.AspNetCompiler.PhysicalPath = "..\ESoto_Proj3Service\"
		Release.AspNetCompiler.TargetPath = "PrecompiledWeb\localhost_61847\"
		Release.AspNetCompiler.Updateable = "true"
		Release.AspNetCompiler.ForceOverwrite = "true"
		Release.AspNetCompiler.FixedNames = "false"
		Release.AspNetCompiler.Debug = "False"
		VWDPort = "61847"
		DefaultWebSiteLanguage = "Visual C#"
	EndProjectSection
EndProject
Global
	GlobalSection(SolutionConfigurationPlatforms) = preSolution
		Debug|Any CPU = Debug|Any CPU
		Release|Any CPU = Release|Any CPU
	EndGlobalSection
	GlobalSection(ProjectConfigurationPlatforms) = postSolution
		{67DC9CA9-C7B9-4753-ACB2-1CF92D991FA4}.Debug|Any CPU.ActiveCfg = Debug|Any CPU
		{67DC9CA9-C7B9-4753-ACB2-1CF92D991FA4}.Debug|Any CPU.Build.0 = Debug|Any CPU
		{67DC9CA9-C7B9-4753-ACB2-1CF92D991FA4}.Release|Any CPU.ActiveCfg = Release|Any CPU
		{67DC9CA9-C7B9-4753-ACB2-1CF92D991FA4}.Release|Any CPU.Build.0 = Release|Any CPU
		{CDC400F4-C1E1-462E-B859-3CBD7BC923A1}.Debug|Any CPU.ActiveCfg = Debug|Any CPU
		{CDC400F4-C1E1-462E-B859-3CBD7BC923A1}.Debug|Any CPU.Build.0 = Debug|Any CPU
		{CDC400F4-C1E1-462E-B859-3CBD7BC923A1}.Release|Any CPU.ActiveCfg = Debug|Any CPU
		{CDC400F4-C1E1-462E-B859-3CBD7BC923A1}.Release|Any CPU.Build.0 = Debug|Any CPU
	EndGlobalSection
	GlobalSection(SolutionProperties) = preSolution
		HideSolutionNode = FALSE
	EndGlobalSection
	GlobalSection(ExtensibilityGlobals) = postSolution
		SolutionGuid = {7CB899E4-8A40-4BE6-B635-63CC90884514}
	EndGlobalSection
EndGlobal
